
Microsoft Visual Studio Solution File, Format Version 12.00
# Visual Studio Version 16
VisualStudioVersion = 16.0.30611.23
MinimumVisualStudioVersion = 10.0.40219.1
Project("{2150E333-8FDC-42A3-9474-1A3956D46DE8}") = "src", "src", "{C259FAE6-4928-451C-AB99-403B40FEE180}"
EndProject
Project("{2150E333-8FDC-42A3-9474-1A3956D46DE8}") = "Building Blocks", "Building Blocks", "{7FA2ACDF-5C64-4DF5-8D3F-DE354F84FFB6}"
EndProject
Project("{2150E333-8FDC-42A3-9474-1A3956D46DE8}") = "Services", "Services", "{DC416781-32E3-45AD-BDDB-BB00BD228C0D}"
EndProject
Project("{2150E333-8FDC-42A3-9474-1A3956D46DE8}") = "Web", "Web", "{DC297D76-7FEA-4780-A569-2F96D1CC35D4}"
EndProject
Project("{2150E333-8FDC-42A3-9474-1A3956D46DE8}") = "Core", "Core", "{5C796F69-774D-42C3-A6E0-6E4C5AC5A636}"
EndProject
Project("{2150E333-8FDC-42A3-9474-1A3956D46DE8}") = "Carrinho", "Carrinho", "{0850F155-F832-4FB5-928D-0E57FBF983C7}"
EndProject
Project("{2150E333-8FDC-42A3-9474-1A3956D46DE8}") = "Catalogo", "Catalogo", "{DFAD0B33-15E7-49DF-AD23-52C78F4B8001}"
EndProject
Project("{2150E333-8FDC-42A3-9474-1A3956D46DE8}") = "Cliente", "Cliente", "{DB3F5F06-ABB7-4C88-9A6C-3E5C97D99EDC}"
EndProject
Project("{2150E333-8FDC-42A3-9474-1A3956D46DE8}") = "Identidade", "Identidade", "{42CD0BB5-1744-4C65-B824-01E0F65697C2}"
EndProject
Project("{2150E333-8FDC-42A3-9474-1A3956D46DE8}") = "Pagamento", "Pagamento", "{D84CABFA-0549-4F01-9D33-22CDE2C65A02}"
EndProject
Project("{2150E333-8FDC-42A3-9474-1A3956D46DE8}") = "Pedido", "Pedido", "{37188C7B-5E98-4DAD-8AA5-0092B12990A8}"
EndProject
Project("{2150E333-8FDC-42A3-9474-1A3956D46DE8}") = "MVC", "MVC", "{1F4D9675-078E-46FC-9F07-F00D1C226F4E}"
EndProject
Project("{9A19103F-16F7-4668-BE54-9A1E7A4F7556}") = "NSE.Core", "src\building blocks\NSE.Core\NSE.Core.csproj", "{1F61AD0C-FCBA-4087-A7D7-E954660016D8}"
EndProject
Project("{9A19103F-16F7-4668-BE54-9A1E7A4F7556}") = "NSE.Carrinho.API", "src\services\NSE.Carrinho.API\NSE.Carrinho.API.csproj", "{93902931-E0B9-4E11-8DE3-7BA15945494B}"
EndProject
Project("{9A19103F-16F7-4668-BE54-9A1E7A4F7556}") = "NSE.Catalogo.API", "src\services\NSE.Catalogo.API\NSE.Catalogo.API.csproj", "{68FB4C4E-D82A-4A88-938D-46094B24E987}"
EndProject
Project("{9A19103F-16F7-4668-BE54-9A1E7A4F7556}") = "NSE.Cliente.API", "src\services\NSE.Cliente.API\NSE.Cliente.API.csproj", "{8DF5F32A-8F97-4665-A393-DAFFD061FEA1}"
EndProject
Project("{9A19103F-16F7-4668-BE54-9A1E7A4F7556}") = "NSE.Identidade.API", "src\services\NSE.Identidade.API\NSE.Identidade.API.csproj", "{93D6253F-0617-4343-B7C6-CD65F8CE1E29}"
EndProject
Project("{9A19103F-16F7-4668-BE54-9A1E7A4F7556}") = "NSE.Pagamento.API", "src\services\NSE.Pagamento.API\NSE.Pagamento.API.csproj", "{D2DD67A4-BAB8-4715-9F88-1D0ABC4269AA}"
EndProject
Project("{9A19103F-16F7-4668-BE54-9A1E7A4F7556}") = "NSE.Pedido.API", "src\services\NSE.Pedido.API\NSE.Pedido.API.csproj", "{A16437D8-2DA5-434C-A370-E8A88A70BDC8}"
EndProject
Project("{9A19103F-16F7-4668-BE54-9A1E7A4F7556}") = "NSE.WebApp.MVC", "src\web\NSE.WebApp.MVC\NSE.WebApp.MVC.csproj", "{889FB72B-59D1-49FF-AA91-E519A0AA0EAD}"
EndProject
Project("{2150E333-8FDC-42A3-9474-1A3956D46DE8}") = "Services", "Services", "{8D9F7114-8D33-4E62-B48C-7569D75E051D}"
EndProject
Project("{FAE04EC0-301F-11D3-BF4B-00C04F79EFBC}") = "NSE.WebAPI.Core", "src\building blocks\NSE.WebAPI.Core\NSE.WebAPI.Core.csproj", "{AF0BFB33-1B30-4925-ACC6-AA6A04205AAE}"
EndProject
Global
	GlobalSection(SolutionConfigurationPlatforms) = preSolution
		Debug|Any CPU = Debug|Any CPU
		Release|Any CPU = Release|Any CPU
	EndGlobalSection
	GlobalSection(ProjectConfigurationPlatforms) = postSolution
		{1F61AD0C-FCBA-4087-A7D7-E954660016D8}.Debug|Any CPU.ActiveCfg = Debug|Any CPU
		{1F61AD0C-FCBA-4087-A7D7-E954660016D8}.Debug|Any CPU.Build.0 = Debug|Any CPU
		{1F61AD0C-FCBA-4087-A7D7-E954660016D8}.Release|Any CPU.ActiveCfg = Release|Any CPU
		{1F61AD0C-FCBA-4087-A7D7-E954660016D8}.Release|Any CPU.Build.0 = Release|Any CPU
		{93902931-E0B9-4E11-8DE3-7BA15945494B}.Debug|Any CPU.ActiveCfg = Debug|Any CPU
		{93902931-E0B9-4E11-8DE3-7BA15945494B}.Debug|Any CPU.Build.0 = Debug|Any CPU
		{93902931-E0B9-4E11-8DE3-7BA15945494B}.Release|Any CPU.ActiveCfg = Release|Any CPU
		{93902931-E0B9-4E11-8DE3-7BA15945494B}.Release|Any CPU.Build.0 = Release|Any CPU
		{68FB4C4E-D82A-4A88-938D-46094B24E987}.Debug|Any CPU.ActiveCfg = Debug|Any CPU
		{68FB4C4E-D82A-4A88-938D-46094B24E987}.Debug|Any CPU.Build.0 = Debug|Any CPU
		{68FB4C4E-D82A-4A88-938D-46094B24E987}.Release|Any CPU.ActiveCfg = Release|Any CPU
		{68FB4C4E-D82A-4A88-938D-46094B24E987}.Release|Any CPU.Build.0 = Release|Any CPU
		{8DF5F32A-8F97-4665-A393-DAFFD061FEA1}.Debug|Any CPU.ActiveCfg = Debug|Any CPU
		{8DF5F32A-8F97-4665-A393-DAFFD061FEA1}.Debug|Any CPU.Build.0 = Debug|Any CPU
		{8DF5F32A-8F97-4665-A393-DAFFD061FEA1}.Release|Any CPU.ActiveCfg = Release|Any CPU
		{8DF5F32A-8F97-4665-A393-DAFFD061FEA1}.Release|Any CPU.Build.0 = Release|Any CPU
		{93D6253F-0617-4343-B7C6-CD65F8CE1E29}.Debug|Any CPU.ActiveCfg = Debug|Any CPU
		{93D6253F-0617-4343-B7C6-CD65F8CE1E29}.Debug|Any CPU.Build.0 = Debug|Any CPU
		{93D6253F-0617-4343-B7C6-CD65F8CE1E29}.Release|Any CPU.ActiveCfg = Release|Any CPU
		{93D6253F-0617-4343-B7C6-CD65F8CE1E29}.Release|Any CPU.Build.0 = Release|Any CPU
		{D2DD67A4-BAB8-4715-9F88-1D0ABC4269AA}.Debug|Any CPU.ActiveCfg = Debug|Any CPU
		{D2DD67A4-BAB8-4715-9F88-1D0ABC4269AA}.Debug|Any CPU.Build.0 = Debug|Any CPU
		{D2DD67A4-BAB8-4715-9F88-1D0ABC4269AA}.Release|Any CPU.ActiveCfg = Release|Any CPU
		{D2DD67A4-BAB8-4715-9F88-1D0ABC4269AA}.Release|Any CPU.Build.0 = Release|Any CPU
		{A16437D8-2DA5-434C-A370-E8A88A70BDC8}.Debug|Any CPU.ActiveCfg = Debug|Any CPU
		{A16437D8-2DA5-434C-A370-E8A88A70BDC8}.Debug|Any CPU.Build.0 = Debug|Any CPU
		{A16437D8-2DA5-434C-A370-E8A88A70BDC8}.Release|Any CPU.ActiveCfg = Release|Any CPU
		{A16437D8-2DA5-434C-A370-E8A88A70BDC8}.Release|Any CPU.Build.0 = Release|Any CPU
		{889FB72B-59D1-49FF-AA91-E519A0AA0EAD}.Debug|Any CPU.ActiveCfg = Debug|Any CPU
		{889FB72B-59D1-49FF-AA91-E519A0AA0EAD}.Debug|Any CPU.Build.0 = Debug|Any CPU
		{889FB72B-59D1-49FF-AA91-E519A0AA0EAD}.Release|Any CPU.ActiveCfg = Release|Any CPU
		{889FB72B-59D1-49FF-AA91-E519A0AA0EAD}.Release|Any CPU.Build.0 = Release|Any CPU
		{AF0BFB33-1B30-4925-ACC6-AA6A04205AAE}.Debug|Any CPU.ActiveCfg = Debug|Any CPU
		{AF0BFB33-1B30-4925-ACC6-AA6A04205AAE}.Debug|Any CPU.Build.0 = Debug|Any CPU
		{AF0BFB33-1B30-4925-ACC6-AA6A04205AAE}.Release|Any CPU.ActiveCfg = Release|Any CPU
		{AF0BFB33-1B30-4925-ACC6-AA6A04205AAE}.Release|Any CPU.Build.0 = Release|Any CPU
	EndGlobalSection
	GlobalSection(SolutionProperties) = preSolution
		HideSolutionNode = FALSE
	EndGlobalSection
	GlobalSection(NestedProjects) = preSolution
		{7FA2ACDF-5C64-4DF5-8D3F-DE354F84FFB6} = {C259FAE6-4928-451C-AB99-403B40FEE180}
		{DC416781-32E3-45AD-BDDB-BB00BD228C0D} = {C259FAE6-4928-451C-AB99-403B40FEE180}
		{DC297D76-7FEA-4780-A569-2F96D1CC35D4} = {C259FAE6-4928-451C-AB99-403B40FEE180}
		{5C796F69-774D-42C3-A6E0-6E4C5AC5A636} = {7FA2ACDF-5C64-4DF5-8D3F-DE354F84FFB6}
		{0850F155-F832-4FB5-928D-0E57FBF983C7} = {DC416781-32E3-45AD-BDDB-BB00BD228C0D}
		{DFAD0B33-15E7-49DF-AD23-52C78F4B8001} = {DC416781-32E3-45AD-BDDB-BB00BD228C0D}
		{DB3F5F06-ABB7-4C88-9A6C-3E5C97D99EDC} = {DC416781-32E3-45AD-BDDB-BB00BD228C0D}
		{42CD0BB5-1744-4C65-B824-01E0F65697C2} = {DC416781-32E3-45AD-BDDB-BB00BD228C0D}
		{D84CABFA-0549-4F01-9D33-22CDE2C65A02} = {DC416781-32E3-45AD-BDDB-BB00BD228C0D}
		{37188C7B-5E98-4DAD-8AA5-0092B12990A8} = {DC416781-32E3-45AD-BDDB-BB00BD228C0D}
		{1F4D9675-078E-46FC-9F07-F00D1C226F4E} = {DC297D76-7FEA-4780-A569-2F96D1CC35D4}
		{1F61AD0C-FCBA-4087-A7D7-E954660016D8} = {5C796F69-774D-42C3-A6E0-6E4C5AC5A636}
		{93902931-E0B9-4E11-8DE3-7BA15945494B} = {0850F155-F832-4FB5-928D-0E57FBF983C7}
		{68FB4C4E-D82A-4A88-938D-46094B24E987} = {DFAD0B33-15E7-49DF-AD23-52C78F4B8001}
		{8DF5F32A-8F97-4665-A393-DAFFD061FEA1} = {DB3F5F06-ABB7-4C88-9A6C-3E5C97D99EDC}
		{93D6253F-0617-4343-B7C6-CD65F8CE1E29} = {42CD0BB5-1744-4C65-B824-01E0F65697C2}
		{D2DD67A4-BAB8-4715-9F88-1D0ABC4269AA} = {D84CABFA-0549-4F01-9D33-22CDE2C65A02}
		{A16437D8-2DA5-434C-A370-E8A88A70BDC8} = {37188C7B-5E98-4DAD-8AA5-0092B12990A8}
		{889FB72B-59D1-49FF-AA91-E519A0AA0EAD} = {1F4D9675-078E-46FC-9F07-F00D1C226F4E}
		{8D9F7114-8D33-4E62-B48C-7569D75E051D} = {7FA2ACDF-5C64-4DF5-8D3F-DE354F84FFB6}
		{AF0BFB33-1B30-4925-ACC6-AA6A04205AAE} = {8D9F7114-8D33-4E62-B48C-7569D75E051D}
	EndGlobalSection
	GlobalSection(ExtensibilityGlobals) = postSolution
		SolutionGuid = {C4F5AED3-4EEE-4139-B1EC-2E773AF4555B}
	EndGlobalSection
EndGlobal
